
Microsoft Visual Studio Solution File, Format Version 12.00
# Visual Studio Version 17
VisualStudioVersion = 17.7.33927.210
MinimumVisualStudioVersion = 10.0.40219.1
Project("{FAE04EC0-301F-11D3-BF4B-00C04F79EFBC}") = "WPFFilterableDataGrid", "WPFFilterableDataGrid\WPFFilterableDataGrid.csproj", "{FAF06560-74DD-48F3-A834-3113217843F3}"
EndProject
Project("{FAE04EC0-301F-11D3-BF4B-00C04F79EFBC}") = "TestApp", "TestApp\TestApp.csproj", "{60E5AF7A-508A-4C54-9E9E-CCB7D1C54656}"
EndProject
Global
	GlobalSection(SolutionConfigurationPlatforms) = preSolution
		Debug|Any CPU = Debug|Any CPU
		Release|Any CPU = Release|Any CPU
	EndGlobalSection
	GlobalSection(ProjectConfigurationPlatforms) = postSolution
		{FAF06560-74DD-48F3-A834-3113217843F3}.Debug|Any CPU.ActiveCfg = Debug|Any CPU
		{FAF06560-74DD-48F3-A834-3113217843F3}.Debug|Any CPU.Build.0 = Debug|Any CPU
		{FAF06560-74DD-48F3-A834-3113217843F3}.Release|Any CPU.ActiveCfg = Release|Any CPU
		{FAF06560-74DD-48F3-A834-3113217843F3}.Release|Any CPU.Build.0 = Release|Any CPU
		{60E5AF7A-508A-4C54-9E9E-CCB7D1C54656}.Debug|Any CPU.ActiveCfg = Debug|Any CPU
		{60E5AF7A-508A-4C54-9E9E-CCB7D1C54656}.Debug|Any CPU.Build.0 = Debug|Any CPU
		{60E5AF7A-508A-4C54-9E9E-CCB7D1C54656}.Release|Any CPU.ActiveCfg = Release|Any CPU
		{60E5AF7A-508A-4C54-9E9E-CCB7D1C54656}.Release|Any CPU.Build.0 = Release|Any CPU
	EndGlobalSection
	GlobalSection(SolutionProperties) = preSolution
		HideSolutionNode = FALSE
	EndGlobalSection
	GlobalSection(ExtensibilityGlobals) = postSolution
		SolutionGuid = {76813799-F19D-46A0-95E8-D72C212A479F}
	EndGlobalSection
EndGlobal
